
Microsoft Visual Studio Solution File, Format Version 12.00
# Visual Studio Version 17
VisualStudioVersion = 17.4.33213.308
MinimumVisualStudioVersion = 10.0.40219.1
Project("{9A19103F-16F7-4668-BE54-9A1E7A4F7556}") = "Forms", "turisticky_zavod\Forms.csproj", "{D8ACC415-7EA6-4E32-A02D-A0BB7688DF37}"
	ProjectSection(ProjectDependencies) = postProject
		{609FE1FE-8389-4C4F-9F52-179600C93D1D} = {609FE1FE-8389-4C4F-9F52-179600C93D1D}
	EndProjectSection
EndProject
Project("{2150E333-8FDC-42A3-9474-1A3956D46DE8}") = "Solution Items", "Solution Items", "{6279B918-18DE-4388-9983-91A8701FAC52}"
	ProjectSection(SolutionItems) = preProject
		.editorconfig = .editorconfig
	EndProjectSection
EndProject
Project("{9A19103F-16F7-4668-BE54-9A1E7A4F7556}") = "Data", "Data\Data.csproj", "{9A573CF3-325A-47EC-8515-47159CCAED21}"
EndProject
Project("{9A19103F-16F7-4668-BE54-9A1E7A4F7556}") = "Logic", "Logic\Logic.csproj", "{609FE1FE-8389-4C4F-9F52-179600C93D1D}"
	ProjectSection(ProjectDependencies) = postProject
		{9A573CF3-325A-47EC-8515-47159CCAED21} = {9A573CF3-325A-47EC-8515-47159CCAED21}
	EndProjectSection
EndProject
Project("{9A19103F-16F7-4668-BE54-9A1E7A4F7556}") = "test", "test\test.csproj", "{C2E154BB-E19E-4E4A-9144-B96DB8AEA1EC}"
	ProjectSection(ProjectDependencies) = postProject
		{609FE1FE-8389-4C4F-9F52-179600C93D1D} = {609FE1FE-8389-4C4F-9F52-179600C93D1D}
	EndProjectSection
EndProject
Global
	GlobalSection(SolutionConfigurationPlatforms) = preSolution
		Debug|Any CPU = Debug|Any CPU
		Debug|ARM64 = Debug|ARM64
		Debug|x64 = Debug|x64
		Debug|x86 = Debug|x86
		Release|Any CPU = Release|Any CPU
		Release|ARM64 = Release|ARM64
		Release|x64 = Release|x64
		Release|x86 = Release|x86
	EndGlobalSection
	GlobalSection(ProjectConfigurationPlatforms) = postSolution
		{D8ACC415-7EA6-4E32-A02D-A0BB7688DF37}.Debug|Any CPU.ActiveCfg = Debug|Any CPU
		{D8ACC415-7EA6-4E32-A02D-A0BB7688DF37}.Debug|Any CPU.Build.0 = Debug|Any CPU
		{D8ACC415-7EA6-4E32-A02D-A0BB7688DF37}.Debug|ARM64.ActiveCfg = Debug|Any CPU
		{D8ACC415-7EA6-4E32-A02D-A0BB7688DF37}.Debug|ARM64.Build.0 = Debug|Any CPU
		{D8ACC415-7EA6-4E32-A02D-A0BB7688DF37}.Debug|x64.ActiveCfg = Debug|Any CPU
		{D8ACC415-7EA6-4E32-A02D-A0BB7688DF37}.Debug|x64.Build.0 = Debug|Any CPU
		{D8ACC415-7EA6-4E32-A02D-A0BB7688DF37}.Debug|x86.ActiveCfg = Debug|Any CPU
		{D8ACC415-7EA6-4E32-A02D-A0BB7688DF37}.Debug|x86.Build.0 = Debug|Any CPU
		{D8ACC415-7EA6-4E32-A02D-A0BB7688DF37}.Release|Any CPU.ActiveCfg = Release|Any CPU
		{D8ACC415-7EA6-4E32-A02D-A0BB7688DF37}.Release|Any CPU.Build.0 = Release|Any CPU
		{D8ACC415-7EA6-4E32-A02D-A0BB7688DF37}.Release|ARM64.ActiveCfg = Release|Any CPU
		{D8ACC415-7EA6-4E32-A02D-A0BB7688DF37}.Release|ARM64.Build.0 = Release|Any CPU
		{D8ACC415-7EA6-4E32-A02D-A0BB7688DF37}.Release|x64.ActiveCfg = Release|Any CPU
		{D8ACC415-7EA6-4E32-A02D-A0BB7688DF37}.Release|x64.Build.0 = Release|Any CPU
		{D8ACC415-7EA6-4E32-A02D-A0BB7688DF37}.Release|x86.ActiveCfg = Release|Any CPU
		{D8ACC415-7EA6-4E32-A02D-A0BB7688DF37}.Release|x86.Build.0 = Release|Any CPU
		{9A573CF3-325A-47EC-8515-47159CCAED21}.Debug|Any CPU.ActiveCfg = Debug|Any CPU
		{9A573CF3-325A-47EC-8515-47159CCAED21}.Debug|Any CPU.Build.0 = Debug|Any CPU
		{9A573CF3-325A-47EC-8515-47159CCAED21}.Debug|ARM64.ActiveCfg = Debug|Any CPU
		{9A573CF3-325A-47EC-8515-47159CCAED21}.Debug|ARM64.Build.0 = Debug|Any CPU
		{9A573CF3-325A-47EC-8515-47159CCAED21}.Debug|x64.ActiveCfg = Debug|Any CPU
		{9A573CF3-325A-47EC-8515-47159CCAED21}.Debug|x64.Build.0 = Debug|Any CPU
		{9A573CF3-325A-47EC-8515-47159CCAED21}.Debug|x86.ActiveCfg = Debug|Any CPU
		{9A573CF3-325A-47EC-8515-47159CCAED21}.Debug|x86.Build.0 = Debug|Any CPU
		{9A573CF3-325A-47EC-8515-47159CCAED21}.Release|Any CPU.ActiveCfg = Release|Any CPU
		{9A573CF3-325A-47EC-8515-47159CCAED21}.Release|Any CPU.Build.0 = Release|Any CPU
		{9A573CF3-325A-47EC-8515-47159CCAED21}.Release|ARM64.ActiveCfg = Release|Any CPU
		{9A573CF3-325A-47EC-8515-47159CCAED21}.Release|ARM64.Build.0 = Release|Any CPU
		{9A573CF3-325A-47EC-8515-47159CCAED21}.Release|x64.ActiveCfg = Release|Any CPU
		{9A573CF3-325A-47EC-8515-47159CCAED21}.Release|x64.Build.0 = Release|Any CPU
		{9A573CF3-325A-47EC-8515-47159CCAED21}.Release|x86.ActiveCfg = Release|Any CPU
		{9A573CF3-325A-47EC-8515-47159CCAED21}.Release|x86.Build.0 = Release|Any CPU
		{609FE1FE-8389-4C4F-9F52-179600C93D1D}.Debug|Any CPU.ActiveCfg = Debug|Any CPU
		{609FE1FE-8389-4C4F-9F52-179600C93D1D}.Debug|Any CPU.Build.0 = Debug|Any CPU
		{609FE1FE-8389-4C4F-9F52-179600C93D1D}.Debug|ARM64.ActiveCfg = Debug|Any CPU
		{609FE1FE-8389-4C4F-9F52-179600C93D1D}.Debug|ARM64.Build.0 = Debug|Any CPU
		{609FE1FE-8389-4C4F-9F52-179600C93D1D}.Debug|x64.ActiveCfg = Debug|Any CPU
		{609FE1FE-8389-4C4F-9F52-179600C93D1D}.Debug|x64.Build.0 = Debug|Any CPU
		{609FE1FE-8389-4C4F-9F52-179600C93D1D}.Debug|x86.ActiveCfg = Debug|Any CPU
		{609FE1FE-8389-4C4F-9F52-179600C93D1D}.Debug|x86.Build.0 = Debug|Any CPU
		{609FE1FE-8389-4C4F-9F52-179600C93D1D}.Release|Any CPU.ActiveCfg = Release|Any CPU
		{609FE1FE-8389-4C4F-9F52-179600C93D1D}.Release|Any CPU.Build.0 = Release|Any CPU
		{609FE1FE-8389-4C4F-9F52-179600C93D1D}.Release|ARM64.ActiveCfg = Release|Any CPU
		{609FE1FE-8389-4C4F-9F52-179600C93D1D}.Release|ARM64.Build.0 = Release|Any CPU
		{609FE1FE-8389-4C4F-9F52-179600C93D1D}.Release|x64.ActiveCfg = Release|Any CPU
		{609FE1FE-8389-4C4F-9F52-179600C93D1D}.Release|x64.Build.0 = Release|Any CPU
		{609FE1FE-8389-4C4F-9F52-179600C93D1D}.Release|x86.ActiveCfg = Release|Any CPU
		{609FE1FE-8389-4C4F-9F52-179600C93D1D}.Release|x86.Build.0 = Release|Any CPU
		{C2E154BB-E19E-4E4A-9144-B96DB8AEA1EC}.Debug|Any CPU.ActiveCfg = Debug|x64
		{C2E154BB-E19E-4E4A-9144-B96DB8AEA1EC}.Debug|Any CPU.Build.0 = Debug|x64
		{C2E154BB-E19E-4E4A-9144-B96DB8AEA1EC}.Debug|Any CPU.Deploy.0 = Debug|x64
		{C2E154BB-E19E-4E4A-9144-B96DB8AEA1EC}.Debug|ARM64.ActiveCfg = Debug|ARM64
		{C2E154BB-E19E-4E4A-9144-B96DB8AEA1EC}.Debug|ARM64.Build.0 = Debug|ARM64
		{C2E154BB-E19E-4E4A-9144-B96DB8AEA1EC}.Debug|ARM64.Deploy.0 = Debug|ARM64
		{C2E154BB-E19E-4E4A-9144-B96DB8AEA1EC}.Debug|x64.ActiveCfg = Debug|x64
		{C2E154BB-E19E-4E4A-9144-B96DB8AEA1EC}.Debug|x64.Build.0 = Debug|x64
		{C2E154BB-E19E-4E4A-9144-B96DB8AEA1EC}.Debug|x64.Deploy.0 = Debug|x64
		{C2E154BB-E19E-4E4A-9144-B96DB8AEA1EC}.Debug|x86.ActiveCfg = Debug|x86
		{C2E154BB-E19E-4E4A-9144-B96DB8AEA1EC}.Debug|x86.Build.0 = Debug|x86
		{C2E154BB-E19E-4E4A-9144-B96DB8AEA1EC}.Debug|x86.Deploy.0 = Debug|x86
		{C2E154BB-E19E-4E4A-9144-B96DB8AEA1EC}.Release|Any CPU.ActiveCfg = Release|x64
		{C2E154BB-E19E-4E4A-9144-B96DB8AEA1EC}.Release|Any CPU.Build.0 = Release|x64
		{C2E154BB-E19E-4E4A-9144-B96DB8AEA1EC}.Release|Any CPU.Deploy.0 = Release|x64
		{C2E154BB-E19E-4E4A-9144-B96DB8AEA1EC}.Release|ARM64.ActiveCfg = Release|ARM64
		{C2E154BB-E19E-4E4A-9144-B96DB8AEA1EC}.Release|ARM64.Build.0 = Release|ARM64
		{C2E154BB-E19E-4E4A-9144-B96DB8AEA1EC}.Release|ARM64.Deploy.0 = Release|ARM64
		{C2E154BB-E19E-4E4A-9144-B96DB8AEA1EC}.Release|x64.ActiveCfg = Release|x64
		{C2E154BB-E19E-4E4A-9144-B96DB8AEA1EC}.Release|x64.Build.0 = Release|x64
		{C2E154BB-E19E-4E4A-9144-B96DB8AEA1EC}.Release|x64.Deploy.0 = Release|x64
		{C2E154BB-E19E-4E4A-9144-B96DB8AEA1EC}.Release|x86.ActiveCfg = Release|x86
		{C2E154BB-E19E-4E4A-9144-B96DB8AEA1EC}.Release|x86.Build.0 = Release|x86
		{C2E154BB-E19E-4E4A-9144-B96DB8AEA1EC}.Release|x86.Deploy.0 = Release|x86
	EndGlobalSection
	GlobalSection(SolutionProperties) = preSolution
		HideSolutionNode = FALSE
	EndGlobalSection
	GlobalSection(ExtensibilityGlobals) = postSolution
		SolutionGuid = {2D9B230E-A019-4195-8F6C-A622DC742534}
	EndGlobalSection
EndGlobal
